
Microsoft Visual Studio Solution File, Format Version 11.00
# Visual Studio 2010
Project("{FAE04EC0-301F-11D3-BF4B-00C04F79EFBC}") = "SharperGPS", "SharperGPS\SharperGPS.csproj", "{F9DC1440-788D-4BBB-9AC5-02EB7EFA019B}"
EndProject
Project("{FAE04EC0-301F-11D3-BF4B-00C04F79EFBC}") = "SharperGps_Demo_WinForms", "Demo_WinForms\SharperGps_Demo_WinForms.csproj", "{58046503-369B-49B3-B9B3-D50144F7A368}"
EndProject
Global
	GlobalSection(SolutionConfigurationPlatforms) = preSolution
		Debug|Any CPU = Debug|Any CPU
		Release|Any CPU = Release|Any CPU
		Debug PocketPC|Any CPU = Debug PocketPC|Any CPU
		x86 Release|Any CPU = x86 Release|Any CPU
		Debug|x86 = Debug|x86
		Release|x86 = Release|x86
		Debug PocketPC|x86 = Debug PocketPC|x86
		x86 Release|x86 = x86 Release|x86
		Debug|x64 = Debug|x64
		Release|x64 = Release|x64
		Debug PocketPC|x64 = Debug PocketPC|x64
		x86 Release|x64 = x86 Release|x64
	EndGlobalSection
	GlobalSection(ProjectConfigurationPlatforms) = postSolution
		{58046503-369B-49B3-B9B3-D50144F7A368}.Debug PocketPC|Any CPU.ActiveCfg = Debug PocketPC|Any CPU
		{58046503-369B-49B3-B9B3-D50144F7A368}.Debug PocketPC|Any CPU.Build.0 = Debug PocketPC|Any CPU
		{58046503-369B-49B3-B9B3-D50144F7A368}.Debug PocketPC|x64.ActiveCfg = Debug PocketPC|x64
		{58046503-369B-49B3-B9B3-D50144F7A368}.Debug PocketPC|x64.Build.0 = Debug PocketPC|x64
		{58046503-369B-49B3-B9B3-D50144F7A368}.Debug PocketPC|x86.ActiveCfg = Debug PocketPC|x86
		{58046503-369B-49B3-B9B3-D50144F7A368}.Debug PocketPC|x86.Build.0 = Debug PocketPC|x86
		{58046503-369B-49B3-B9B3-D50144F7A368}.Debug|Any CPU.ActiveCfg = Debug|Any CPU
		{58046503-369B-49B3-B9B3-D50144F7A368}.Debug|Any CPU.Build.0 = Debug|Any CPU
		{58046503-369B-49B3-B9B3-D50144F7A368}.Debug|x64.ActiveCfg = Debug|x64
		{58046503-369B-49B3-B9B3-D50144F7A368}.Debug|x64.Build.0 = Debug|x64
		{58046503-369B-49B3-B9B3-D50144F7A368}.Debug|x86.ActiveCfg = Debug|x86
		{58046503-369B-49B3-B9B3-D50144F7A368}.Debug|x86.Build.0 = Debug|x86
		{58046503-369B-49B3-B9B3-D50144F7A368}.Release|Any CPU.ActiveCfg = Release|Any CPU
		{58046503-369B-49B3-B9B3-D50144F7A368}.Release|Any CPU.Build.0 = Release|Any CPU
		{58046503-369B-49B3-B9B3-D50144F7A368}.Release|x64.ActiveCfg = Release|x64
		{58046503-369B-49B3-B9B3-D50144F7A368}.Release|x64.Build.0 = Release|x64
		{58046503-369B-49B3-B9B3-D50144F7A368}.Release|x86.ActiveCfg = Release|x86
		{58046503-369B-49B3-B9B3-D50144F7A368}.Release|x86.Build.0 = Release|x86
		{58046503-369B-49B3-B9B3-D50144F7A368}.x86 Release|Any CPU.ActiveCfg = x86 Release|Any CPU
		{58046503-369B-49B3-B9B3-D50144F7A368}.x86 Release|Any CPU.Build.0 = x86 Release|Any CPU
		{58046503-369B-49B3-B9B3-D50144F7A368}.x86 Release|x64.ActiveCfg = x86 Release|x64
		{58046503-369B-49B3-B9B3-D50144F7A368}.x86 Release|x64.Build.0 = x86 Release|x64
		{58046503-369B-49B3-B9B3-D50144F7A368}.x86 Release|x86.ActiveCfg = x86 Release|x86
		{58046503-369B-49B3-B9B3-D50144F7A368}.x86 Release|x86.Build.0 = x86 Release|x86
		{F9DC1440-788D-4BBB-9AC5-02EB7EFA019B}.Debug PocketPC|Any CPU.ActiveCfg = Debug|Any CPU
		{F9DC1440-788D-4BBB-9AC5-02EB7EFA019B}.Debug PocketPC|Any CPU.Build.0 = Debug|Any CPU
		{F9DC1440-788D-4BBB-9AC5-02EB7EFA019B}.Debug PocketPC|x64.ActiveCfg = Debug|x64
		{F9DC1440-788D-4BBB-9AC5-02EB7EFA019B}.Debug PocketPC|x64.Build.0 = Debug|x64
		{F9DC1440-788D-4BBB-9AC5-02EB7EFA019B}.Debug PocketPC|x86.ActiveCfg = Debug|x86
		{F9DC1440-788D-4BBB-9AC5-02EB7EFA019B}.Debug PocketPC|x86.Build.0 = Debug|x86
		{F9DC1440-788D-4BBB-9AC5-02EB7EFA019B}.Debug|Any CPU.ActiveCfg = Debug|Any CPU
		{F9DC1440-788D-4BBB-9AC5-02EB7EFA019B}.Debug|Any CPU.Build.0 = Debug|Any CPU
		{F9DC1440-788D-4BBB-9AC5-02EB7EFA019B}.Debug|x64.ActiveCfg = Debug|x64
		{F9DC1440-788D-4BBB-9AC5-02EB7EFA019B}.Debug|x64.Build.0 = Debug|x64
		{F9DC1440-788D-4BBB-9AC5-02EB7EFA019B}.Debug|x86.ActiveCfg = Debug|x86
		{F9DC1440-788D-4BBB-9AC5-02EB7EFA019B}.Debug|x86.Build.0 = Debug|x86
		{F9DC1440-788D-4BBB-9AC5-02EB7EFA019B}.Release|Any CPU.ActiveCfg = Release|Any CPU
		{F9DC1440-788D-4BBB-9AC5-02EB7EFA019B}.Release|Any CPU.Build.0 = Release|Any CPU
		{F9DC1440-788D-4BBB-9AC5-02EB7EFA019B}.Release|x64.ActiveCfg = Release|x64
		{F9DC1440-788D-4BBB-9AC5-02EB7EFA019B}.Release|x64.Build.0 = Release|x64
		{F9DC1440-788D-4BBB-9AC5-02EB7EFA019B}.Release|x86.ActiveCfg = Release|x86
		{F9DC1440-788D-4BBB-9AC5-02EB7EFA019B}.Release|x86.Build.0 = Release|x86
		{F9DC1440-788D-4BBB-9AC5-02EB7EFA019B}.x86 Release|Any CPU.ActiveCfg = x86 Release|Any CPU
		{F9DC1440-788D-4BBB-9AC5-02EB7EFA019B}.x86 Release|Any CPU.Build.0 = x86 Release|Any CPU
		{F9DC1440-788D-4BBB-9AC5-02EB7EFA019B}.x86 Release|x64.ActiveCfg = x86 Release|x64
		{F9DC1440-788D-4BBB-9AC5-02EB7EFA019B}.x86 Release|x64.Build.0 = x86 Release|x64
		{F9DC1440-788D-4BBB-9AC5-02EB7EFA019B}.x86 Release|x86.ActiveCfg = x86 Release|x86
		{F9DC1440-788D-4BBB-9AC5-02EB7EFA019B}.x86 Release|x86.Build.0 = x86 Release|x86
	EndGlobalSection
	GlobalSection(MonoDevelopProperties) = preSolution
		StartupItem = SharperGPS\SharperGPS.csproj
		Policies = $0
		$0.DotNetNamingPolicy = $1
		$1.DirectoryNamespaceAssociation = None
		$1.ResourceNamePolicy = FileFormatDefault
		$0.TextStylePolicy = $2
		$2.FileWidth = 120
		$2.RemoveTrailingWhitespace = True
		$2.EolMarker = Windows
		$2.inheritsSet = VisualStudio
		$2.inheritsScope = text/plain
		$2.scope = text/x-csharp
		$0.CSharpFormattingPolicy = $3
		$3.inheritsSet = Mono
		$3.inheritsScope = text/x-csharp
		$3.scope = text/x-csharp
		$0.TextStylePolicy = $4
		$4.FileWidth = 120
		$4.TabWidth = 4
		$4.inheritsSet = Mono
		$4.inheritsScope = text/plain
		$4.scope = text/plain
		$0.TextStylePolicy = $5
		$5.inheritsSet = null
		$5.scope = application/x-resource
		$0.TextStylePolicy = $6
		$6.inheritsSet = null
		$6.scope = application/config+xml
		$0.XmlFormattingPolicy = $7
		$7.inheritsSet = null
		$7.scope = application/config+xml
		$0.TextStylePolicy = $8
		$8.inheritsSet = null
		$8.scope = application/xml
		$0.XmlFormattingPolicy = $9
		$9.inheritsSet = Mono
		$9.inheritsScope = application/xml
		$9.scope = application/xml
	EndGlobalSection
EndGlobal
